
Microsoft Visual Studio Solution File, Format Version 12.00
# Visual Studio Version 16
VisualStudioVersion = 16.0.30621.155
MinimumVisualStudioVersion = 10.0.40219.1
Project("{8BC9CEB8-8B4A-11D0-8D11-00A0C91BC942}") = "Client", "Client\Client.vcxproj", "{7D0A82C8-9EF9-4D09-820A-59E619C9AC9E}"
EndProject
Project("{8BC9CEB8-8B4A-11D0-8D11-00A0C91BC942}") = "Server", "Server\Server.vcxproj", "{8260E12A-8622-461D-A9A4-3338AA76D989}"
EndProject
Global
	GlobalSection(SolutionConfigurationPlatforms) = preSolution
		Debug|x64 = Debug|x64
		Debug|x86 = Debug|x86
		Release|x64 = Release|x64
		Release|x86 = Release|x86
	EndGlobalSection
	GlobalSection(ProjectConfigurationPlatforms) = postSolution
		{7D0A82C8-9EF9-4D09-820A-59E619C9AC9E}.Debug|x64.ActiveCfg = Debug|x64
		{7D0A82C8-9EF9-4D09-820A-59E619C9AC9E}.Debug|x64.Build.0 = Debug|x64
		{7D0A82C8-9EF9-4D09-820A-59E619C9AC9E}.Debug|x86.ActiveCfg = Debug|Win32
		{7D0A82C8-9EF9-4D09-820A-59E619C9AC9E}.Debug|x86.Build.0 = Debug|Win32
		{7D0A82C8-9EF9-4D09-820A-59E619C9AC9E}.Release|x64.ActiveCfg = Release|x64
		{7D0A82C8-9EF9-4D09-820A-59E619C9AC9E}.Release|x64.Build.0 = Release|x64
		{7D0A82C8-9EF9-4D09-820A-59E619C9AC9E}.Release|x86.ActiveCfg = Release|Win32
		{7D0A82C8-9EF9-4D09-820A-59E619C9AC9E}.Release|x86.Build.0 = Release|Win32
		{8260E12A-8622-461D-A9A4-3338AA76D989}.Debug|x64.ActiveCfg = Debug|x64
		{8260E12A-8622-461D-A9A4-3338AA76D989}.Debug|x64.Build.0 = Debug|x64
		{8260E12A-8622-461D-A9A4-3338AA76D989}.Debug|x86.ActiveCfg = Debug|Win32
		{8260E12A-8622-461D-A9A4-3338AA76D989}.Debug|x86.Build.0 = Debug|Win32
		{8260E12A-8622-461D-A9A4-3338AA76D989}.Release|x64.ActiveCfg = Release|x64
		{8260E12A-8622-461D-A9A4-3338AA76D989}.Release|x64.Build.0 = Release|x64
		{8260E12A-8622-461D-A9A4-3338AA76D989}.Release|x86.ActiveCfg = Release|Win32
		{8260E12A-8622-461D-A9A4-3338AA76D989}.Release|x86.Build.0 = Release|Win32
	EndGlobalSection
	GlobalSection(SolutionProperties) = preSolution
		HideSolutionNode = FALSE
	EndGlobalSection
	GlobalSection(ExtensibilityGlobals) = postSolution
		SolutionGuid = {6F711C38-67AB-432A-BA48-9E19755D83A6}
	EndGlobalSection
EndGlobal
